<?xml version="1.0" encoding="utf-8"?>
<Project ToolsVersion="4.0" xmlns="http://schemas.microsoft.com/developer/msbuild/2003">
  <ItemGroup>
    <Filter Include="Src">
      <UniqueIdentifier>{a62536c5-9913-4e5f-9e5d-529ac14eb46a}</UniqueIdentifier>
    </Filter>
    <Filter Include="Src\Core">
      <UniqueIdentifier>{c5b45732-0100-4e6f-8199-656913338e92}</UniqueIdentifier>
    </Filter>
    <Filter Include="Src\Components">
      <UniqueIdentifier>{fdb0abaa-7f2f-4aa3-b3d6-219443ce92dd}</UniqueIdentifier>
    </Filter>
    <Filter Include="Src\Examples">
      <UniqueIdentifier>{9fb568ee-29ca-4854-92dc-4349257dcc61}</UniqueIdentifier>
    </Filter>
    <Filter Include="Scripts">
      <UniqueIdentifier>{8e0b06e8-d26f-4e83-a871-bdd19f9da909}</UniqueIdentifier>
    </Filter>
  </ItemGroup>
  <ItemGroup>
    <ClCompile Include="Main.cpp" />
    <ClCompile Include="Src\Core\AssetManager.cpp">
      <Filter>Src\Core</Filter>
    </ClCompile>
    <ClCompile Include="Src\Core\Entity.cpp">
      <Filter>Src\Core</Filter>
    </ClCompile>
    <ClCompile Include="Src\Core\EntityManager.cpp">
      <Filter>Src\Core</Filter>
    </ClCompile>
    <ClCompile Include="Src\Core\Game.cpp">
      <Filter>Src\Core</Filter>
    </ClCompile>
    <ClCompile Include="Src\Examples\LuaYoutubeVideo.cpp">
      <Filter>Src\Examples</Filter>
    </ClCompile>
    <ClCompile Include="Src\Examples\SDLSimpleWindow.cpp">
      <Filter>Src\Examples</Filter>
    </ClCompile>
    <ClCompile Include="Src\Core\TextureManager.cpp">
      <Filter>Src\Core</Filter>
    </ClCompile>
    <ClCompile Include="Src\Core\Animation.cpp">
      <Filter>Src\Core</Filter>
    </ClCompile>
    <ClCompile Include="Src\Core\LuaManager.cpp">
      <Filter>Src\Core</Filter>
    </ClCompile>
    <ClCompile Include="Src\Core\Map.cpp">
      <Filter>Src\Core</Filter>
    </ClCompile>
  </ItemGroup>
  <ItemGroup>
    <Image Include="Icon.ico" />
  </ItemGroup>
  <ItemGroup>
    <None Include=".gitignore" />
    <None Include="Scripts\playerControl.lua">
      <Filter>Scripts</Filter>
    </None>
    <None Include="Scripts\Level1.lua">
      <Filter>Scripts</Filter>
    </None>
  </ItemGroup>
  <ItemGroup>
    <ClInclude Include="Src\Core\Game.h">
      <Filter>Src\Core</Filter>
    </ClInclude>
    <ClInclude Include="Src\Core\AssetManager.h">
      <Filter>Src\Core</Filter>
    </ClInclude>
    <ClInclude Include="Src\Core\Component.h">
      <Filter>Src\Core</Filter>
    </ClInclude>
    <ClInclude Include="Src\Core\Constants.h">
      <Filter>Src\Core</Filter>
    </ClInclude>
    <ClInclude Include="Src\Core\Entity.h">
      <Filter>Src\Core</Filter>
    </ClInclude>
    <ClInclude Include="Src\Core\EntityManager.h">
      <Filter>Src\Core</Filter>
    </ClInclude>
    <ClInclude Include="Src\Components\TransformComponent.h">
      <Filter>Src\Components</Filter>
    </ClInclude>
    <ClInclude Include="Src\Core\TextureManager.h">
      <Filter>Src\Core</Filter>
    </ClInclude>
    <ClInclude Include="Src\Components\SpriteComponent.h">
      <Filter>Src\Components</Filter>
    </ClInclude>
    <ClInclude Include="Src\Core\Animation.h">
      <Filter>Src\Core</Filter>
    </ClInclude>
    <ClInclude Include="Src\Components\KeyboardControlComponent.h">
      <Filter>Src\Components</Filter>
    </ClInclude>
    <ClInclude Include="Src\Components\LuaScriptComponent.h">
      <Filter>Src\Components</Filter>
    </ClInclude>
    <ClInclude Include="Src\Components\MouseControlComponent.h">
      <Filter>Src\Components</Filter>
    </ClInclude>
    <ClInclude Include="Src\Core\LuaManager.h">
      <Filter>Src\Core</Filter>
    </ClInclude>
    <ClInclude Include="Src\Components\BoxColliderComponent.h">
      <Filter>Src\Components</Filter>
    </ClInclude>
    <ClInclude Include="Src\Components\TileMapComponent.h">
      <Filter>Src\Components</Filter>
    </ClInclude>
    <ClInclude Include="Src\Core\Map.h">
      <Filter>Src\Core</Filter>
    </ClInclude>
    <ClInclude Include="Src\Components\CameraFollowComponent.h">
      <Filter>Src\Components</Filter>
    </ClInclude>
    <ClInclude Include="Src\Components\CameraShakeComponent.h">
      <Filter>Src\Components</Filter>
    </ClInclude>
    <ClInclude Include="Src\Components\AudioComponent.h">
      <Filter>Src\Components</Filter>
    </ClInclude>
    <ClInclude Include="Src\Components\NetworkingComponent.h">
      <Filter>Src\Components</Filter>
    </ClInclude>
  </ItemGroup>
</Project>